
Microsoft Visual Studio Solution File, Format Version 12.00
# Visual Studio Version 17
VisualStudioVersion = 17.14.36203.30 d17.14
MinimumVisualStudioVersion = 10.0.40219.1
Project("{2150E333-8FDC-42A3-9474-1A3956D46DE8}") = "src", "src", "{02EA681E-C7D8-13C7-8484-4AC65E1B71E8}"
EndProject
Project("{FAE04EC0-301F-11D3-BF4B-00C04F79EFBC}") = "URLShortener.Core", "URLShortener.Core\URLShortener.Core.csproj", "{1068B808-EAD3-4020-8CBD-B2EBDFAF75C7}"
EndProject
Project("{FAE04EC0-301F-11D3-BF4B-00C04F79EFBC}") = "URLShortener.Infrastructure", "URLShortener.Infrastructure\URLShortener.Infrastructure.csproj", "{6A5D990A-82E7-4D3F-A80F-0C6A68350328}"
EndProject
Project("{FAE04EC0-301F-11D3-BF4B-00C04F79EFBC}") = "URLShortener.API", "URLShortener.API\URLShortener.API.csproj", "{23AC1CD0-E924-4688-B2DD-CA2632005B98}"
EndProject
Global
	GlobalSection(SolutionConfigurationPlatforms) = preSolution
		Debug|Any CPU = Debug|Any CPU
		Release|Any CPU = Release|Any CPU
	EndGlobalSection
	GlobalSection(ProjectConfigurationPlatforms) = postSolution
		{1068B808-EAD3-4020-8CBD-B2EBDFAF75C7}.Debug|Any CPU.ActiveCfg = Debug|Any CPU
		{1068B808-EAD3-4020-8CBD-B2EBDFAF75C7}.Debug|Any CPU.Build.0 = Debug|Any CPU
		{1068B808-EAD3-4020-8CBD-B2EBDFAF75C7}.Release|Any CPU.ActiveCfg = Release|Any CPU
		{1068B808-EAD3-4020-8CBD-B2EBDFAF75C7}.Release|Any CPU.Build.0 = Release|Any CPU
		{6A5D990A-82E7-4D3F-A80F-0C6A68350328}.Debug|Any CPU.ActiveCfg = Debug|Any CPU
		{6A5D990A-82E7-4D3F-A80F-0C6A68350328}.Debug|Any CPU.Build.0 = Debug|Any CPU
		{6A5D990A-82E7-4D3F-A80F-0C6A68350328}.Release|Any CPU.ActiveCfg = Release|Any CPU
		{6A5D990A-82E7-4D3F-A80F-0C6A68350328}.Release|Any CPU.Build.0 = Release|Any CPU
		{23AC1CD0-E924-4688-B2DD-CA2632005B98}.Debug|Any CPU.ActiveCfg = Debug|Any CPU
		{23AC1CD0-E924-4688-B2DD-CA2632005B98}.Debug|Any CPU.Build.0 = Debug|Any CPU
		{23AC1CD0-E924-4688-B2DD-CA2632005B98}.Release|Any CPU.ActiveCfg = Release|Any CPU
		{23AC1CD0-E924-4688-B2DD-CA2632005B98}.Release|Any CPU.Build.0 = Release|Any CPU
	EndGlobalSection
	GlobalSection(SolutionProperties) = preSolution
		HideSolutionNode = FALSE
	EndGlobalSection
	GlobalSection(NestedProjects) = preSolution
		{1068B808-EAD3-4020-8CBD-B2EBDFAF75C7} = {02EA681E-C7D8-13C7-8484-4AC65E1B71E8}
		{6A5D990A-82E7-4D3F-A80F-0C6A68350328} = {02EA681E-C7D8-13C7-8484-4AC65E1B71E8}
		{23AC1CD0-E924-4688-B2DD-CA2632005B98} = {02EA681E-C7D8-13C7-8484-4AC65E1B71E8}
	EndGlobalSection
	GlobalSection(ExtensibilityGlobals) = postSolution
		SolutionGuid = {3F8E8350-5306-4B03-B426-3DC80201ED4E}
	EndGlobalSection
EndGlobal
